
Microsoft Visual Studio Solution File, Format Version 12.00
# Visual Studio 2012
Project("{FAE04EC0-301F-11D3-BF4B-00C04F79EFBC}") = "UTO", "UTO.csproj", "{8A720A28-390A-492B-AD37-690DF7A84075}"
EndProject
Global
	GlobalSection(SolutionConfigurationPlatforms) = preSolution
		Debug|Any CPU = Debug|Any CPU
		Release|Any CPU = Release|Any CPU
	EndGlobalSection
	GlobalSection(ProjectConfigurationPlatforms) = postSolution
		{8A720A28-390A-492B-AD37-690DF7A84075}.Debug|Any CPU.ActiveCfg = Debug|Any CPU
		{8A720A28-390A-492B-AD37-690DF7A84075}.Debug|Any CPU.Build.0 = Debug|Any CPU
		{8A720A28-390A-492B-AD37-690DF7A84075}.Release|Any CPU.ActiveCfg = Release|Any CPU
		{8A720A28-390A-492B-AD37-690DF7A84075}.Release|Any CPU.Build.0 = Release|Any CPU
	EndGlobalSection
	GlobalSection(SolutionProperties) = preSolution
		HideSolutionNode = FALSE
	EndGlobalSection
EndGlobal
